
Microsoft Visual Studio Solution File, Format Version 12.00
# Visual Studio Version 16
VisualStudioVersion = 16.0.30717.126
MinimumVisualStudioVersion = 10.0.40219.1
Project("{FAE04EC0-301F-11D3-BF4B-00C04F79EFBC}") = "MovieRestApi", "MovieRestApi.csproj", "{3EEE262D-5DE6-4778-81D0-96D21B8777F2}"
EndProject
Project("{FAE04EC0-301F-11D3-BF4B-00C04F79EFBC}") = "UnitTestMovie", "..\NUnitTestMovie\UnitTestMovie.csproj", "{B70D785D-F97B-46EA-85F2-541AE760231B}"
EndProject
Global
	GlobalSection(SolutionConfigurationPlatforms) = preSolution
		Debug|Any CPU = Debug|Any CPU
		Release|Any CPU = Release|Any CPU
	EndGlobalSection
	GlobalSection(ProjectConfigurationPlatforms) = postSolution
		{3EEE262D-5DE6-4778-81D0-96D21B8777F2}.Debug|Any CPU.ActiveCfg = Debug|Any CPU
		{3EEE262D-5DE6-4778-81D0-96D21B8777F2}.Debug|Any CPU.Build.0 = Debug|Any CPU
		{3EEE262D-5DE6-4778-81D0-96D21B8777F2}.Release|Any CPU.ActiveCfg = Release|Any CPU
		{3EEE262D-5DE6-4778-81D0-96D21B8777F2}.Release|Any CPU.Build.0 = Release|Any CPU
		{B70D785D-F97B-46EA-85F2-541AE760231B}.Debug|Any CPU.ActiveCfg = Debug|Any CPU
		{B70D785D-F97B-46EA-85F2-541AE760231B}.Debug|Any CPU.Build.0 = Debug|Any CPU
		{B70D785D-F97B-46EA-85F2-541AE760231B}.Release|Any CPU.ActiveCfg = Release|Any CPU
		{B70D785D-F97B-46EA-85F2-541AE760231B}.Release|Any CPU.Build.0 = Release|Any CPU
	EndGlobalSection
	GlobalSection(SolutionProperties) = preSolution
		HideSolutionNode = FALSE
	EndGlobalSection
	GlobalSection(ExtensibilityGlobals) = postSolution
		SolutionGuid = {F1127CEF-E215-4331-B8B9-1A8F52BFABFD}
	EndGlobalSection
EndGlobal
